
Microsoft Visual Studio Solution File, Format Version 12.00
# Visual Studio 15
VisualStudioVersion = 15.0.27130.2036
MinimumVisualStudioVersion = 10.0.40219.1
Project("{FAE04EC0-301F-11D3-BF4B-00C04F79EFBC}") = "WebService_SP", "WebService_SP\WebService_SP.csproj", "{87D7C32A-2585-4CB4-98B2-967FC57D5943}"
EndProject
Global
	GlobalSection(SolutionConfigurationPlatforms) = preSolution
		Debug|Any CPU = Debug|Any CPU
		Release|Any CPU = Release|Any CPU
	EndGlobalSection
	GlobalSection(ProjectConfigurationPlatforms) = postSolution
		{87D7C32A-2585-4CB4-98B2-967FC57D5943}.Debug|Any CPU.ActiveCfg = Debug|Any CPU
		{87D7C32A-2585-4CB4-98B2-967FC57D5943}.Debug|Any CPU.Build.0 = Debug|Any CPU
		{87D7C32A-2585-4CB4-98B2-967FC57D5943}.Release|Any CPU.ActiveCfg = Release|Any CPU
		{87D7C32A-2585-4CB4-98B2-967FC57D5943}.Release|Any CPU.Build.0 = Release|Any CPU
	EndGlobalSection
	GlobalSection(SolutionProperties) = preSolution
		HideSolutionNode = FALSE
	EndGlobalSection
	GlobalSection(ExtensibilityGlobals) = postSolution
		SolutionGuid = {BFD43728-2498-497E-8A91-1FFF4D07C397}
	EndGlobalSection
EndGlobal
